
Microsoft Visual Studio Solution File, Format Version 12.00
# Visual Studio Version 16
VisualStudioVersion = 16.0.30413.136
MinimumVisualStudioVersion = 10.0.40219.1
Project("{9A19103F-16F7-4668-BE54-9A1E7A4F7556}") = "Api", "Api\Api.csproj", "{A9A3B879-F83D-4848-BF77-C1D382376861}"
EndProject
Project("{9A19103F-16F7-4668-BE54-9A1E7A4F7556}") = "Domain", "Domain\Domain.csproj", "{16F75702-D383-4A8E-879F-85BC8C0C5C45}"
EndProject
Global
	GlobalSection(SolutionConfigurationPlatforms) = preSolution
		Debug|Any CPU = Debug|Any CPU
		Release|Any CPU = Release|Any CPU
	EndGlobalSection
	GlobalSection(ProjectConfigurationPlatforms) = postSolution
		{A9A3B879-F83D-4848-BF77-C1D382376861}.Debug|Any CPU.ActiveCfg = Debug|Any CPU
		{A9A3B879-F83D-4848-BF77-C1D382376861}.Debug|Any CPU.Build.0 = Debug|Any CPU
		{A9A3B879-F83D-4848-BF77-C1D382376861}.Release|Any CPU.ActiveCfg = Release|Any CPU
		{A9A3B879-F83D-4848-BF77-C1D382376861}.Release|Any CPU.Build.0 = Release|Any CPU
		{16F75702-D383-4A8E-879F-85BC8C0C5C45}.Debug|Any CPU.ActiveCfg = Debug|Any CPU
		{16F75702-D383-4A8E-879F-85BC8C0C5C45}.Debug|Any CPU.Build.0 = Debug|Any CPU
		{16F75702-D383-4A8E-879F-85BC8C0C5C45}.Release|Any CPU.ActiveCfg = Release|Any CPU
		{16F75702-D383-4A8E-879F-85BC8C0C5C45}.Release|Any CPU.Build.0 = Release|Any CPU
	EndGlobalSection
	GlobalSection(SolutionProperties) = preSolution
		HideSolutionNode = FALSE
	EndGlobalSection
	GlobalSection(ExtensibilityGlobals) = postSolution
		SolutionGuid = {456C9FA8-D8BD-4B35-BBC6-BA137B2D27AA}
	EndGlobalSection
EndGlobal
